
Microsoft Visual Studio Solution File, Format Version 12.00
# Visual Studio Version 17
VisualStudioVersion = 17.5.33502.453
MinimumVisualStudioVersion = 10.0.40219.1
Project("{FAE04EC0-301F-11D3-BF4B-00C04F79EFBC}") = "SvpTradingPanel", "SvpTradingPanel\SvpTradingPanel.csproj", "{2826766F-26E6-4324-B995-FB54087BE6E5}"
EndProject
Project("{9A19103F-16F7-4668-BE54-9A1E7A4F7556}") = "Mt5Api", "Mt5Api\Mt5Api.csproj", "{4340CF58-3B25-4969-8BED-683A8D3E71B4}"
EndProject
Project("{FAE04EC0-301F-11D3-BF4B-00C04F79EFBC}") = "Utils", "Utils\Utils.csproj", "{2E574EF0-6A5E-4F11-986F-D76CE267E11D}"
EndProject
Project("{FAE04EC0-301F-11D3-BF4B-00C04F79EFBC}") = "Mt4ApiTester", "Mt4ApiTester\Mt4ApiTester.csproj", "{1B0B7BBA-F5A0-4E96-87AE-1869080D321D}"
EndProject
Project("{FAE04EC0-301F-11D3-BF4B-00C04F79EFBC}") = "Wtrs", "Wtrs\Wtrs.csproj", "{77C1AE3D-0C3A-4C33-9FF4-D96CA18755B8}"
EndProject
Project("{FAE04EC0-301F-11D3-BF4B-00C04F79EFBC}") = "SvpTradingGraph", "SvpTradingGraph\SvpTradingGraph.csproj", "{F73EC3D9-8F3A-415E-AD6D-3AFBF073A5C7}"
EndProject
Global
	GlobalSection(SolutionConfigurationPlatforms) = preSolution
		Debug|Any CPU = Debug|Any CPU
		Release|Any CPU = Release|Any CPU
	EndGlobalSection
	GlobalSection(ProjectConfigurationPlatforms) = postSolution
		{2826766F-26E6-4324-B995-FB54087BE6E5}.Debug|Any CPU.ActiveCfg = Debug|Any CPU
		{2826766F-26E6-4324-B995-FB54087BE6E5}.Debug|Any CPU.Build.0 = Debug|Any CPU
		{2826766F-26E6-4324-B995-FB54087BE6E5}.Release|Any CPU.ActiveCfg = Release|Any CPU
		{2826766F-26E6-4324-B995-FB54087BE6E5}.Release|Any CPU.Build.0 = Release|Any CPU
		{4340CF58-3B25-4969-8BED-683A8D3E71B4}.Debug|Any CPU.ActiveCfg = Debug|Any CPU
		{4340CF58-3B25-4969-8BED-683A8D3E71B4}.Debug|Any CPU.Build.0 = Debug|Any CPU
		{4340CF58-3B25-4969-8BED-683A8D3E71B4}.Release|Any CPU.ActiveCfg = Release|Any CPU
		{4340CF58-3B25-4969-8BED-683A8D3E71B4}.Release|Any CPU.Build.0 = Release|Any CPU
		{2E574EF0-6A5E-4F11-986F-D76CE267E11D}.Debug|Any CPU.ActiveCfg = Debug|Any CPU
		{2E574EF0-6A5E-4F11-986F-D76CE267E11D}.Debug|Any CPU.Build.0 = Debug|Any CPU
		{2E574EF0-6A5E-4F11-986F-D76CE267E11D}.Release|Any CPU.ActiveCfg = Release|Any CPU
		{2E574EF0-6A5E-4F11-986F-D76CE267E11D}.Release|Any CPU.Build.0 = Release|Any CPU
		{1B0B7BBA-F5A0-4E96-87AE-1869080D321D}.Debug|Any CPU.ActiveCfg = Debug|Any CPU
		{1B0B7BBA-F5A0-4E96-87AE-1869080D321D}.Debug|Any CPU.Build.0 = Debug|Any CPU
		{1B0B7BBA-F5A0-4E96-87AE-1869080D321D}.Release|Any CPU.ActiveCfg = Release|Any CPU
		{1B0B7BBA-F5A0-4E96-87AE-1869080D321D}.Release|Any CPU.Build.0 = Release|Any CPU
		{77C1AE3D-0C3A-4C33-9FF4-D96CA18755B8}.Debug|Any CPU.ActiveCfg = Debug|Any CPU
		{77C1AE3D-0C3A-4C33-9FF4-D96CA18755B8}.Debug|Any CPU.Build.0 = Debug|Any CPU
		{77C1AE3D-0C3A-4C33-9FF4-D96CA18755B8}.Release|Any CPU.ActiveCfg = Release|Any CPU
		{77C1AE3D-0C3A-4C33-9FF4-D96CA18755B8}.Release|Any CPU.Build.0 = Release|Any CPU
		{F73EC3D9-8F3A-415E-AD6D-3AFBF073A5C7}.Debug|Any CPU.ActiveCfg = Debug|Any CPU
		{F73EC3D9-8F3A-415E-AD6D-3AFBF073A5C7}.Debug|Any CPU.Build.0 = Debug|Any CPU
		{F73EC3D9-8F3A-415E-AD6D-3AFBF073A5C7}.Release|Any CPU.ActiveCfg = Release|Any CPU
		{F73EC3D9-8F3A-415E-AD6D-3AFBF073A5C7}.Release|Any CPU.Build.0 = Release|Any CPU
	EndGlobalSection
	GlobalSection(SolutionProperties) = preSolution
		HideSolutionNode = FALSE
	EndGlobalSection
	GlobalSection(ExtensibilityGlobals) = postSolution
		SolutionGuid = {CD68391A-42F7-44B0-9329-F8BC0C83F011}
	EndGlobalSection
EndGlobal
